
Microsoft Visual Studio Solution File, Format Version 12.00
# Visual Studio 2013
VisualStudioVersion = 12.0.30723.0
MinimumVisualStudioVersion = 10.0.40219.1
Project("{8BC9CEB8-8B4A-11D0-8D11-00A0C91BC942}") = "EchoServer", "Server\EchoServer\EchoServer.vcxproj", "{86E98565-DF50-49B2-939F-668ED293134F}"
EndProject
Project("{8BC9CEB8-8B4A-11D0-8D11-00A0C91BC942}") = "NtlDatabase", "Server\NtlDatabase\NtlDatabase.vcxproj", "{A07A2581-DAA7-49DC-ACAD-FBEDEBF7345F}"
EndProject
Project("{8BC9CEB8-8B4A-11D0-8D11-00A0C91BC942}") = "NtlNetwork", "Server\NtlNetwork\NtlNetwork.vcxproj", "{5CDC731A-4C57-4D49-A72A-911BA19C3C14}"
EndProject
Project("{8BC9CEB8-8B4A-11D0-8D11-00A0C91BC942}") = "NtlSfx", "Server\NtlSfx\NtlSfx.vcxproj", "{F038F0B5-67C7-4DA4-8E3C-C45AB1E4B352}"
EndProject
Project("{8BC9CEB8-8B4A-11D0-8D11-00A0C91BC942}") = "NtlSystem", "Server\NtlSystem\NtlSystem.vcxproj", "{6D76C448-B419-424F-AD6A-04041B1C2315}"
EndProject
Project("{8BC9CEB8-8B4A-11D0-8D11-00A0C91BC942}") = "NtlThread", "Server\NtlThread\NtlThread.vcxproj", "{04B8D510-B763-45D7-B13C-531BA7DCC3F4}"
EndProject
Project("{8BC9CEB8-8B4A-11D0-8D11-00A0C91BC942}") = "SampleClient", "Server\SampleClient\SampleClient.vcxproj", "{B7870FD4-F834-47F9-9178-CF7D3EC82B3B}"
EndProject
Project("{8BC9CEB8-8B4A-11D0-8D11-00A0C91BC942}") = "SampleServer", "Server\SampleServer\SampleServer.vcxproj", "{6E8EE378-A6D4-4E42-B3FD-64F5C0CF924C}"
EndProject
Project("{8BC9CEB8-8B4A-11D0-8D11-00A0C91BC942}") = "Shared", "Shared\Shared.vcxproj", "{CA20DF85-070A-417D-BCD3-9374D4A69F5E}"
EndProject
Global
	GlobalSection(SolutionConfigurationPlatforms) = preSolution
		Debug|Win32 = Debug|Win32
		Debug|x64 = Debug|x64
		Release|Win32 = Release|Win32
		Release|x64 = Release|x64
	EndGlobalSection
	GlobalSection(ProjectConfigurationPlatforms) = postSolution
		{86E98565-DF50-49B2-939F-668ED293134F}.Debug|Win32.ActiveCfg = Debug|Win32
		{86E98565-DF50-49B2-939F-668ED293134F}.Debug|Win32.Build.0 = Debug|Win32
		{86E98565-DF50-49B2-939F-668ED293134F}.Debug|x64.ActiveCfg = Debug|x64
		{86E98565-DF50-49B2-939F-668ED293134F}.Debug|x64.Build.0 = Debug|x64
		{86E98565-DF50-49B2-939F-668ED293134F}.Release|Win32.ActiveCfg = Release|Win32
		{86E98565-DF50-49B2-939F-668ED293134F}.Release|Win32.Build.0 = Release|Win32
		{86E98565-DF50-49B2-939F-668ED293134F}.Release|x64.ActiveCfg = Release|x64
		{86E98565-DF50-49B2-939F-668ED293134F}.Release|x64.Build.0 = Release|x64
		{A07A2581-DAA7-49DC-ACAD-FBEDEBF7345F}.Debug|Win32.ActiveCfg = Debug|Win32
		{A07A2581-DAA7-49DC-ACAD-FBEDEBF7345F}.Debug|Win32.Build.0 = Debug|Win32
		{A07A2581-DAA7-49DC-ACAD-FBEDEBF7345F}.Debug|x64.ActiveCfg = Debug|x64
		{A07A2581-DAA7-49DC-ACAD-FBEDEBF7345F}.Debug|x64.Build.0 = Debug|x64
		{A07A2581-DAA7-49DC-ACAD-FBEDEBF7345F}.Release|Win32.ActiveCfg = Release|Win32
		{A07A2581-DAA7-49DC-ACAD-FBEDEBF7345F}.Release|Win32.Build.0 = Release|Win32
		{A07A2581-DAA7-49DC-ACAD-FBEDEBF7345F}.Release|x64.ActiveCfg = Release|x64
		{A07A2581-DAA7-49DC-ACAD-FBEDEBF7345F}.Release|x64.Build.0 = Release|x64
		{5CDC731A-4C57-4D49-A72A-911BA19C3C14}.Debug|Win32.ActiveCfg = Debug|Win32
		{5CDC731A-4C57-4D49-A72A-911BA19C3C14}.Debug|Win32.Build.0 = Debug|Win32
		{5CDC731A-4C57-4D49-A72A-911BA19C3C14}.Debug|x64.ActiveCfg = Debug|x64
		{5CDC731A-4C57-4D49-A72A-911BA19C3C14}.Debug|x64.Build.0 = Debug|x64
		{5CDC731A-4C57-4D49-A72A-911BA19C3C14}.Release|Win32.ActiveCfg = Release|Win32
		{5CDC731A-4C57-4D49-A72A-911BA19C3C14}.Release|Win32.Build.0 = Release|Win32
		{5CDC731A-4C57-4D49-A72A-911BA19C3C14}.Release|x64.ActiveCfg = Release|x64
		{5CDC731A-4C57-4D49-A72A-911BA19C3C14}.Release|x64.Build.0 = Release|x64
		{F038F0B5-67C7-4DA4-8E3C-C45AB1E4B352}.Debug|Win32.ActiveCfg = Debug|Win32
		{F038F0B5-67C7-4DA4-8E3C-C45AB1E4B352}.Debug|Win32.Build.0 = Debug|Win32
		{F038F0B5-67C7-4DA4-8E3C-C45AB1E4B352}.Debug|x64.ActiveCfg = Debug|x64
		{F038F0B5-67C7-4DA4-8E3C-C45AB1E4B352}.Debug|x64.Build.0 = Debug|x64
		{F038F0B5-67C7-4DA4-8E3C-C45AB1E4B352}.Release|Win32.ActiveCfg = Release|Win32
		{F038F0B5-67C7-4DA4-8E3C-C45AB1E4B352}.Release|Win32.Build.0 = Release|Win32
		{F038F0B5-67C7-4DA4-8E3C-C45AB1E4B352}.Release|x64.ActiveCfg = Release|x64
		{F038F0B5-67C7-4DA4-8E3C-C45AB1E4B352}.Release|x64.Build.0 = Release|x64
		{6D76C448-B419-424F-AD6A-04041B1C2315}.Debug|Win32.ActiveCfg = Debug|Win32
		{6D76C448-B419-424F-AD6A-04041B1C2315}.Debug|Win32.Build.0 = Debug|Win32
		{6D76C448-B419-424F-AD6A-04041B1C2315}.Debug|x64.ActiveCfg = Debug|x64
		{6D76C448-B419-424F-AD6A-04041B1C2315}.Debug|x64.Build.0 = Debug|x64
		{6D76C448-B419-424F-AD6A-04041B1C2315}.Release|Win32.ActiveCfg = Release|Win32
		{6D76C448-B419-424F-AD6A-04041B1C2315}.Release|Win32.Build.0 = Release|Win32
		{6D76C448-B419-424F-AD6A-04041B1C2315}.Release|x64.ActiveCfg = Release|x64
		{6D76C448-B419-424F-AD6A-04041B1C2315}.Release|x64.Build.0 = Release|x64
		{04B8D510-B763-45D7-B13C-531BA7DCC3F4}.Debug|Win32.ActiveCfg = Debug|Win32
		{04B8D510-B763-45D7-B13C-531BA7DCC3F4}.Debug|Win32.Build.0 = Debug|Win32
		{04B8D510-B763-45D7-B13C-531BA7DCC3F4}.Debug|x64.ActiveCfg = Debug|x64
		{04B8D510-B763-45D7-B13C-531BA7DCC3F4}.Debug|x64.Build.0 = Debug|x64
		{04B8D510-B763-45D7-B13C-531BA7DCC3F4}.Release|Win32.ActiveCfg = Release|Win32
		{04B8D510-B763-45D7-B13C-531BA7DCC3F4}.Release|Win32.Build.0 = Release|Win32
		{04B8D510-B763-45D7-B13C-531BA7DCC3F4}.Release|x64.ActiveCfg = Release|x64
		{04B8D510-B763-45D7-B13C-531BA7DCC3F4}.Release|x64.Build.0 = Release|x64
		{B7870FD4-F834-47F9-9178-CF7D3EC82B3B}.Debug|Win32.ActiveCfg = Debug|Win32
		{B7870FD4-F834-47F9-9178-CF7D3EC82B3B}.Debug|Win32.Build.0 = Debug|Win32
		{B7870FD4-F834-47F9-9178-CF7D3EC82B3B}.Debug|x64.ActiveCfg = Debug|x64
		{B7870FD4-F834-47F9-9178-CF7D3EC82B3B}.Debug|x64.Build.0 = Debug|x64
		{B7870FD4-F834-47F9-9178-CF7D3EC82B3B}.Release|Win32.ActiveCfg = Release|Win32
		{B7870FD4-F834-47F9-9178-CF7D3EC82B3B}.Release|Win32.Build.0 = Release|Win32
		{B7870FD4-F834-47F9-9178-CF7D3EC82B3B}.Release|x64.ActiveCfg = Release|x64
		{B7870FD4-F834-47F9-9178-CF7D3EC82B3B}.Release|x64.Build.0 = Release|x64
		{6E8EE378-A6D4-4E42-B3FD-64F5C0CF924C}.Debug|Win32.ActiveCfg = Debug|Win32
		{6E8EE378-A6D4-4E42-B3FD-64F5C0CF924C}.Debug|Win32.Build.0 = Debug|Win32
		{6E8EE378-A6D4-4E42-B3FD-64F5C0CF924C}.Debug|x64.ActiveCfg = Debug|x64
		{6E8EE378-A6D4-4E42-B3FD-64F5C0CF924C}.Debug|x64.Build.0 = Debug|x64
		{6E8EE378-A6D4-4E42-B3FD-64F5C0CF924C}.Release|Win32.ActiveCfg = Release|Win32
		{6E8EE378-A6D4-4E42-B3FD-64F5C0CF924C}.Release|Win32.Build.0 = Release|Win32
		{6E8EE378-A6D4-4E42-B3FD-64F5C0CF924C}.Release|x64.ActiveCfg = Release|x64
		{6E8EE378-A6D4-4E42-B3FD-64F5C0CF924C}.Release|x64.Build.0 = Release|x64
		{CA20DF85-070A-417D-BCD3-9374D4A69F5E}.Debug|Win32.ActiveCfg = Debug|Win32
		{CA20DF85-070A-417D-BCD3-9374D4A69F5E}.Debug|Win32.Build.0 = Debug|Win32
		{CA20DF85-070A-417D-BCD3-9374D4A69F5E}.Debug|x64.ActiveCfg = Debug|x64
		{CA20DF85-070A-417D-BCD3-9374D4A69F5E}.Debug|x64.Build.0 = Debug|x64
		{CA20DF85-070A-417D-BCD3-9374D4A69F5E}.Release|Win32.ActiveCfg = Release|Win32
		{CA20DF85-070A-417D-BCD3-9374D4A69F5E}.Release|Win32.Build.0 = Release|Win32
		{CA20DF85-070A-417D-BCD3-9374D4A69F5E}.Release|x64.ActiveCfg = Release|x64
		{CA20DF85-070A-417D-BCD3-9374D4A69F5E}.Release|x64.Build.0 = Release|x64
	EndGlobalSection
	GlobalSection(SolutionProperties) = preSolution
		HideSolutionNode = FALSE
	EndGlobalSection
EndGlobal
