<?xml version="1.0" encoding="utf-8"?>
<Project ToolsVersion="4.0" xmlns="http://schemas.microsoft.com/developer/msbuild/2003">
  <ItemGroup>
    <Filter Include="Source Files">
      <UniqueIdentifier>{4FC737F1-C7A5-4376-A066-2A32D752A2FF}</UniqueIdentifier>
      <Extensions>cpp;c;cxx;def;odl;idl;hpj;bat;asm;asmx</Extensions>
    </Filter>
    <Filter Include="Header Files">
      <UniqueIdentifier>{d08f3b6c-a863-4a06-ae1c-ca1d861a7874}</UniqueIdentifier>
    </Filter>
    <Filter Include="Resource Files">
      <UniqueIdentifier>{67DA6AB6-F800-4c08-8B7A-83BB121AAD01}</UniqueIdentifier>
      <Extensions>rc;ico;cur;bmp;dlg;rc2;rct;bin;rgs;gif;jpg;jpeg;jpe;resx</Extensions>
    </Filter>
    <Filter Include="MSXML Header Files">
      <UniqueIdentifier>{aa3336dd-4ab2-4aba-8be4-3b513d170619}</UniqueIdentifier>
    </Filter>
  </ItemGroup>
  <ItemGroup>
    <ClCompile Include="NtlXMLDoc.cpp">
      <Filter>Source Files</Filter>
    </ClCompile>
    <ClCompile Include="stdafx.cpp">
      <Filter>Source Files</Filter>
    </ClCompile>
  </ItemGroup>
  <ItemGroup>
    <ClInclude Include="NtlXMLDoc.h">
      <Filter>Header Files</Filter>
    </ClInclude>
    <ClInclude Include="stdafx.h">
      <Filter>Header Files</Filter>
    </ClInclude>
    <ClInclude Include="MSXML Header Files\msxml2.h">
      <Filter>MSXML Header Files</Filter>
    </ClInclude>
    <ClInclude Include="MSXML Header Files\msxml2did.h">
      <Filter>MSXML Header Files</Filter>
    </ClInclude>
    <ClInclude Include="MSXML Header Files\xmlparser.h">
      <Filter>MSXML Header Files</Filter>
    </ClInclude>
  </ItemGroup>
  <ItemGroup>
    <Midl Include="MSXML Header Files\msxml2.idl">
      <Filter>MSXML Header Files</Filter>
    </Midl>
    <Midl Include="MSXML Header Files\xmlparser.idl">
      <Filter>MSXML Header Files</Filter>
    </Midl>
  </ItemGroup>
  <ItemGroup>
    <None Include="ReadMe.txt" />
  </ItemGroup>
</Project>