<?xml version="1.0" encoding="utf-8"?>
<Project ToolsVersion="4.0" xmlns="http://schemas.microsoft.com/developer/msbuild/2003">
  <ItemGroup>
    <Filter Include="Source Files">
      <UniqueIdentifier>{4FC737F1-C7A5-4376-A066-2A32D752A2FF}</UniqueIdentifier>
      <Extensions>cpp;c;cc;cxx;def;odl;idl;hpj;bat;asm;asmx</Extensions>
    </Filter>
    <Filter Include="Header Files">
      <UniqueIdentifier>{93995380-89BD-4b04-88EB-625FBE52EBFB}</UniqueIdentifier>
      <Extensions>h;hh;hpp;hxx;hm;inl;inc;xsd</Extensions>
    </Filter>
  </ItemGroup>
  <ItemGroup>
    <ClInclude Include="ActionTable.h">
      <Filter>Header Files</Filter>
    </ClInclude>
    <ClInclude Include="Base.h">
      <Filter>Header Files</Filter>
    </ClInclude>
    <ClInclude Include="BasicDropTable.h">
      <Filter>Header Files</Filter>
    </ClInclude>
    <ClInclude Include="BudokaiTable.h">
      <Filter>Header Files</Filter>
    </ClInclude>
    <ClInclude Include="CharmTable.h">
      <Filter>Header Files</Filter>
    </ClInclude>
    <ClInclude Include="ChatCommandTable.h">
      <Filter>Header Files</Filter>
    </ClInclude>
    <ClInclude Include="ChattingFilterTable.h">
      <Filter>Header Files</Filter>
    </ClInclude>
    <ClInclude Include="CircularQueue.h">
      <Filter>Header Files</Filter>
    </ClInclude>
    <ClInclude Include="Def.h">
      <Filter>Header Files</Filter>
    </ClInclude>
    <ClInclude Include="DirectionLinkTable.h">
      <Filter>Header Files</Filter>
    </ClInclude>
    <ClInclude Include="DojoTable.h">
      <Filter>Header Files</Filter>
    </ClInclude>
    <ClInclude Include="DragonBallRewardTable.h">
      <Filter>Header Files</Filter>
    </ClInclude>
    <ClInclude Include="DragonBallTable.h">
      <Filter>Header Files</Filter>
    </ClInclude>
    <ClInclude Include="DungeonTable.h">
      <Filter>Header Files</Filter>
    </ClInclude>
    <ClInclude Include="DynamicObjectTable.h">
      <Filter>Header Files</Filter>
    </ClInclude>
    <ClInclude Include="EachDropTable.h">
      <Filter>Header Files</Filter>
    </ClInclude>
    <ClInclude Include="Event.h">
      <Filter>Header Files</Filter>
    </ClInclude>
    <ClInclude Include="ExcellentDropTable.h">
      <Filter>Header Files</Filter>
    </ClInclude>
    <ClInclude Include="Exception.h">
      <Filter>Header Files</Filter>
    </ClInclude>
    <ClInclude Include="ExpTable.h">
      <Filter>Header Files</Filter>
    </ClInclude>
    <ClInclude Include="FileSerializer.h">
      <Filter>Header Files</Filter>
    </ClInclude>
    <ClInclude Include="FormulaTable.h">
      <Filter>Header Files</Filter>
    </ClInclude>
    <ClInclude Include="GameManiaTimeTable.h">
      <Filter>Header Files</Filter>
    </ClInclude>
    <ClInclude Include="GameString.h">
      <Filter>Header Files</Filter>
    </ClInclude>
    <ClInclude Include="GuideHintTable.h">
      <Filter>Header Files</Filter>
    </ClInclude>
    <ClInclude Include="HelpTable.h">
      <Filter>Header Files</Filter>
    </ClInclude>
    <ClInclude Include="HLSItemTable.h">
      <Filter>Header Files</Filter>
    </ClInclude>
    <ClInclude Include="HLSMerchantTable.h">
      <Filter>Header Files</Filter>
    </ClInclude>
    <ClInclude Include="HTBSetTable.h">
      <Filter>Header Files</Filter>
    </ClInclude>
    <ClInclude Include="ItemMixMachineTable.h">
      <Filter>Header Files</Filter>
    </ClInclude>
    <ClInclude Include="ItemOptionTable.h">
      <Filter>Header Files</Filter>
    </ClInclude>
    <ClInclude Include="ItemRecipeTable.h">
      <Filter>Header Files</Filter>
    </ClInclude>
    <ClInclude Include="ItemTable.h">
      <Filter>Header Files</Filter>
    </ClInclude>
    <ClInclude Include="ItemUpgradeTable.h">
      <Filter>Header Files</Filter>
    </ClInclude>
    <ClInclude Include="LandMarkTable.h">
      <Filter>Header Files</Filter>
    </ClInclude>
    <ClInclude Include="LegendaryDropTable.h">
      <Filter>Header Files</Filter>
    </ClInclude>
    <ClInclude Include="LinkArray.h">
      <Filter>Header Files</Filter>
    </ClInclude>
    <ClInclude Include="LinkList.h">
      <Filter>Header Files</Filter>
    </ClInclude>
    <ClInclude Include="Logic.h">
      <Filter>Header Files</Filter>
    </ClInclude>
    <ClInclude Include="MerchantTable.h">
      <Filter>Header Files</Filter>
    </ClInclude>
    <ClInclude Include="MobMovePatternTable.h">
      <Filter>Header Files</Filter>
    </ClInclude>
    <ClInclude Include="MobTable.h">
      <Filter>Header Files</Filter>
    </ClInclude>
    <ClInclude Include="Mutex.h">
      <Filter>Header Files</Filter>
    </ClInclude>
    <ClInclude Include="NetBuffer.h">
      <Filter>Header Files</Filter>
    </ClInclude>
    <ClInclude Include="NewbieTable.h">
      <Filter>Header Files</Filter>
    </ClInclude>
    <ClInclude Include="NormalDropTable.h">
      <Filter>Header Files</Filter>
    </ClInclude>
    <ClInclude Include="NpcSpeechTable.h">
      <Filter>Header Files</Filter>
    </ClInclude>
    <ClInclude Include="NPCTable.h">
      <Filter>Header Files</Filter>
    </ClInclude>
    <ClInclude Include="NtlActionPattern.h">
      <Filter>Header Files</Filter>
    </ClInclude>
    <ClInclude Include="NtlAdmin.h">
      <Filter>Header Files</Filter>
    </ClInclude>
    <ClInclude Include="NtlAvatar.h">
      <Filter>Header Files</Filter>
    </ClInclude>
    <ClInclude Include="NtlBattle.h">
      <Filter>Header Files</Filter>
    </ClInclude>
    <ClInclude Include="NtlBBox.h">
      <Filter>Header Files</Filter>
    </ClInclude>
    <ClInclude Include="NtlBitFlagManager.h">
      <Filter>Header Files</Filter>
    </ClInclude>
    <ClInclude Include="NtlBudokai.h">
      <Filter>Header Files</Filter>
    </ClInclude>
    <ClInclude Include="NtlCharacter.h">
      <Filter>Header Files</Filter>
    </ClInclude>
    <ClInclude Include="NtlCharacterState.h">
      <Filter>Header Files</Filter>
    </ClInclude>
    <ClInclude Include="NtlChat.h">
      <Filter>Header Files</Filter>
    </ClInclude>
    <ClInclude Include="NtlDirection.h">
      <Filter>Header Files</Filter>
    </ClInclude>
    <ClInclude Include="NtlDojo.h">
      <Filter>Header Files</Filter>
    </ClInclude>
    <ClInclude Include="NtlDragonBall.h">
      <Filter>Header Files</Filter>
    </ClInclude>
    <ClInclude Include="NtlFriend.h">
      <Filter>Header Files</Filter>
    </ClInclude>
    <ClInclude Include="NtlGuild.h">
      <Filter>Header Files</Filter>
    </ClInclude>
    <ClInclude Include="NtlHlsItem.h">
      <Filter>Header Files</Filter>
    </ClInclude>
    <ClInclude Include="NtlItem.h">
      <Filter>Header Files</Filter>
    </ClInclude>
    <ClInclude Include="NtlLine.h">
      <Filter>Header Files</Filter>
    </ClInclude>
    <ClInclude Include="NtlMail.h">
      <Filter>Header Files</Filter>
    </ClInclude>
    <ClInclude Include="NtlMatch.h">
      <Filter>Header Files</Filter>
    </ClInclude>
    <ClInclude Include="NtlMovement.h">
      <Filter>Header Files</Filter>
    </ClInclude>
    <ClInclude Include="NtlNetP.h">
      <Filter>Header Files</Filter>
    </ClInclude>
    <ClInclude Include="NtlObject.h">
      <Filter>Header Files</Filter>
    </ClInclude>
    <ClInclude Include="NtlParty.h">
      <Filter>Header Files</Filter>
    </ClInclude>
    <ClInclude Include="NtlPartyDungeon.h">
      <Filter>Header Files</Filter>
    </ClInclude>
    <ClInclude Include="NtlPet.h">
      <Filter>Header Files</Filter>
    </ClInclude>
    <ClInclude Include="NtlPetition.h">
      <Filter>Header Files</Filter>
    </ClInclude>
    <ClInclude Include="NtlQuest.h">
      <Filter>Header Files</Filter>
    </ClInclude>
    <ClInclude Include="NtlRandom.h">
      <Filter>Header Files</Filter>
    </ClInclude>
    <ClInclude Include="NtlRankBattle.h">
      <Filter>Header Files</Filter>
    </ClInclude>
    <ClInclude Include="NtlReport.h">
      <Filter>Header Files</Filter>
    </ClInclude>
    <ClInclude Include="NtlRide.h">
      <Filter>Header Files</Filter>
    </ClInclude>
    <ClInclude Include="NtlServer.h">
      <Filter>Header Files</Filter>
    </ClInclude>
    <ClInclude Include="NtlService.h">
      <Filter>Header Files</Filter>
    </ClInclude>
    <ClInclude Include="NtlSharedBotSystemDef.h">
      <Filter>Header Files</Filter>
    </ClInclude>
    <ClInclude Include="NtlSharedDef.h">
      <Filter>Header Files</Filter>
    </ClInclude>
    <ClInclude Include="NtlSharedType.h">
      <Filter>Header Files</Filter>
    </ClInclude>
    <ClInclude Include="NtlSkill.h">
      <Filter>Header Files</Filter>
    </ClInclude>
    <ClInclude Include="NtlSphere.h">
      <Filter>Header Files</Filter>
    </ClInclude>
    <ClInclude Include="NtlStringHandler.h">
      <Filter>Header Files</Filter>
    </ClInclude>
    <ClInclude Include="NtlSvrMath.h">
      <Filter>Header Files</Filter>
    </ClInclude>
    <ClInclude Include="NtlSystemEffect.h">
      <Filter>Header Files</Filter>
    </ClInclude>
    <ClInclude Include="NtlTeleport.h">
      <Filter>Header Files</Filter>
    </ClInclude>
    <ClInclude Include="NtlTimeQuest.h">
      <Filter>Header Files</Filter>
    </ClInclude>
    <ClInclude Include="NtlTLQ.h">
      <Filter>Header Files</Filter>
    </ClInclude>
    <ClInclude Include="NtlVector.h">
      <Filter>Header Files</Filter>
    </ClInclude>
    <ClInclude Include="NtlWorld.h">
      <Filter>Header Files</Filter>
    </ClInclude>
    <ClInclude Include="ObjectTable.h">
      <Filter>Header Files</Filter>
    </ClInclude>
    <ClInclude Include="PCTable.h">
      <Filter>Header Files</Filter>
    </ClInclude>
    <ClInclude Include="PortalTable.h">
      <Filter>Header Files</Filter>
    </ClInclude>
    <ClInclude Include="QuestDropTable.h">
      <Filter>Header Files</Filter>
    </ClInclude>
    <ClInclude Include="QuestItemTable.h">
      <Filter>Header Files</Filter>
    </ClInclude>
    <ClInclude Include="QuestNarrationTable.h">
      <Filter>Header Files</Filter>
    </ClInclude>
    <ClInclude Include="QuestProbabilityTable.h">
      <Filter>Header Files</Filter>
    </ClInclude>
    <ClInclude Include="QuestRewardTable.h">
      <Filter>Header Files</Filter>
    </ClInclude>
    <ClInclude Include="QuestTextDataTable.h">
      <Filter>Header Files</Filter>
    </ClInclude>
    <ClInclude Include="Queue.h">
      <Filter>Header Files</Filter>
    </ClInclude>
    <ClInclude Include="RankBattleTable.h">
      <Filter>Header Files</Filter>
    </ClInclude>
    <ClInclude Include="ScriptLinkTable.h">
      <Filter>Header Files</Filter>
    </ClInclude>
    <ClInclude Include="Serializer.h">
      <Filter>Header Files</Filter>
    </ClInclude>
    <ClInclude Include="SetItemTable.h">
      <Filter>Header Files</Filter>
    </ClInclude>
    <ClInclude Include="SkillTable.h">
      <Filter>Header Files</Filter>
    </ClInclude>
    <ClInclude Include="SpawnTable.h">
      <Filter>Header Files</Filter>
    </ClInclude>
    <ClInclude Include="StatusTransformTable.h">
      <Filter>Header Files</Filter>
    </ClInclude>
    <ClInclude Include="stdafx.h">
      <Filter>Header Files</Filter>
    </ClInclude>
    <ClInclude Include="SuperiorDropTable.h">
      <Filter>Header Files</Filter>
    </ClInclude>
    <ClInclude Include="SystemEffectTable.h">
      <Filter>Header Files</Filter>
    </ClInclude>
    <ClInclude Include="Table.h">
      <Filter>Header Files</Filter>
    </ClInclude>
    <ClInclude Include="TableAll.h">
      <Filter>Header Files</Filter>
    </ClInclude>
    <ClInclude Include="TableContainer.h">
      <Filter>Header Files</Filter>
    </ClInclude>
    <ClInclude Include="TableFileNameList.h">
      <Filter>Header Files</Filter>
    </ClInclude>
    <ClInclude Include="TextAllTable.h">
      <Filter>Header Files</Filter>
    </ClInclude>
    <ClInclude Include="TextServerTable.h">
      <Filter>Header Files</Filter>
    </ClInclude>
    <ClInclude Include="Thread.h">
      <Filter>Header Files</Filter>
    </ClInclude>
    <ClInclude Include="ThreadException.h">
      <Filter>Header Files</Filter>
    </ClInclude>
    <ClInclude Include="TimeQuestTable.h">
      <Filter>Header Files</Filter>
    </ClInclude>
    <ClInclude Include="TypeDropTable.h">
      <Filter>Header Files</Filter>
    </ClInclude>
    <ClInclude Include="UseItemTable.h">
      <Filter>Header Files</Filter>
    </ClInclude>
    <ClInclude Include="Vector.h">
      <Filter>Header Files</Filter>
    </ClInclude>
    <ClInclude Include="VehicleTable.h">
      <Filter>Header Files</Filter>
    </ClInclude>
    <ClInclude Include="WorldMapTable.h">
      <Filter>Header Files</Filter>
    </ClInclude>
    <ClInclude Include="WorldPathTable.h">
      <Filter>Header Files</Filter>
    </ClInclude>
    <ClInclude Include="WorldPlayTable.h">
      <Filter>Header Files</Filter>
    </ClInclude>
    <ClInclude Include="WorldTable.h">
      <Filter>Header Files</Filter>
    </ClInclude>
    <ClInclude Include="WorldZoneTable.h">
      <Filter>Header Files</Filter>
    </ClInclude>
    <ClInclude Include="XMLDoc.h">
      <Filter>Header Files</Filter>
    </ClInclude>
    <ClInclude Include="Cipher.h">
      <Filter>Header Files</Filter>
    </ClInclude>
    <ClInclude Include="CipherAES.h">
      <Filter>Header Files</Filter>
    </ClInclude>
    <ClInclude Include="CipherBase.h">
      <Filter>Header Files</Filter>
    </ClInclude>
    <ClInclude Include="CipherBlowfish.h">
      <Filter>Header Files</Filter>
    </ClInclude>
    <ClInclude Include="CipherDes.h">
      <Filter>Header Files</Filter>
    </ClInclude>
    <ClInclude Include="CipherMD5.h">
      <Filter>Header Files</Filter>
    </ClInclude>
    <ClInclude Include="CipherRSA.h">
      <Filter>Header Files</Filter>
    </ClInclude>
    <ClInclude Include="CipherTripleDES.h">
      <Filter>Header Files</Filter>
    </ClInclude>
    <ClInclude Include="CipherTwofish.h">
      <Filter>Header Files</Filter>
    </ClInclude>
    <ClInclude Include="CharTitleTable.h">
      <Filter>Header Files</Filter>
    </ClInclude>
    <ClInclude Include="CashItemTable.h">
      <Filter>Header Files</Filter>
    </ClInclude>
    <ClInclude Include="QuestProbabilityTable2.h">
      <Filter>Header Files</Filter>
    </ClInclude>
    <ClInclude Include="UseItemTable2.h">
      <Filter>Header Files</Filter>
    </ClInclude>
    <ClInclude Include="MerchantTable2.h">
      <Filter>Header Files</Filter>
    </ClInclude>
  </ItemGroup>
  <ItemGroup>
    <ClCompile Include="ActionTable.cpp">
      <Filter>Source Files</Filter>
    </ClCompile>
    <ClCompile Include="BasicDropTable.cpp">
      <Filter>Source Files</Filter>
    </ClCompile>
    <ClCompile Include="BudokaiTable.cpp">
      <Filter>Source Files</Filter>
    </ClCompile>
    <ClCompile Include="CharmTable.cpp">
      <Filter>Source Files</Filter>
    </ClCompile>
    <ClCompile Include="ChatCommandTable.cpp">
      <Filter>Source Files</Filter>
    </ClCompile>
    <ClCompile Include="ChattingFilterTable.cpp">
      <Filter>Source Files</Filter>
    </ClCompile>
    <ClCompile Include="DirectionLinkTable.cpp">
      <Filter>Source Files</Filter>
    </ClCompile>
    <ClCompile Include="DojoTable.cpp">
      <Filter>Source Files</Filter>
    </ClCompile>
    <ClCompile Include="DragonBallRewardTable.cpp">
      <Filter>Source Files</Filter>
    </ClCompile>
    <ClCompile Include="DragonBallTable.cpp">
      <Filter>Source Files</Filter>
    </ClCompile>
    <ClCompile Include="DungeonTable.cpp">
      <Filter>Source Files</Filter>
    </ClCompile>
    <ClCompile Include="DynamicObjectTable.cpp">
      <Filter>Source Files</Filter>
    </ClCompile>
    <ClCompile Include="EachDropTable.cpp">
      <Filter>Source Files</Filter>
    </ClCompile>
    <ClCompile Include="Event.cpp">
      <Filter>Source Files</Filter>
    </ClCompile>
    <ClCompile Include="ExcellentDropTable.cpp">
      <Filter>Source Files</Filter>
    </ClCompile>
    <ClCompile Include="ExpTable.cpp">
      <Filter>Source Files</Filter>
    </ClCompile>
    <ClCompile Include="FileSerializer.cpp">
      <Filter>Source Files</Filter>
    </ClCompile>
    <ClCompile Include="FormulaTable.cpp">
      <Filter>Source Files</Filter>
    </ClCompile>
    <ClCompile Include="GameManiaTimeTable.cpp">
      <Filter>Source Files</Filter>
    </ClCompile>
    <ClCompile Include="GameString.cpp">
      <Filter>Source Files</Filter>
    </ClCompile>
    <ClCompile Include="GuideHintTable.cpp">
      <Filter>Source Files</Filter>
    </ClCompile>
    <ClCompile Include="ItemMixMachineTable.cpp">
      <Filter>Source Files</Filter>
    </ClCompile>
    <ClCompile Include="ItemOptionTable.cpp">
      <Filter>Source Files</Filter>
    </ClCompile>
    <ClCompile Include="ItemRecipeTable.cpp">
      <Filter>Source Files</Filter>
    </ClCompile>
    <ClCompile Include="ItemTable.cpp">
      <Filter>Source Files</Filter>
    </ClCompile>
    <ClCompile Include="ItemUpgradeTable.cpp">
      <Filter>Source Files</Filter>
    </ClCompile>
    <ClCompile Include="LandMarkTable.cpp">
      <Filter>Source Files</Filter>
    </ClCompile>
    <ClCompile Include="LegendaryDropTable.cpp">
      <Filter>Source Files</Filter>
    </ClCompile>
    <ClCompile Include="Logic.cpp">
      <Filter>Source Files</Filter>
    </ClCompile>
    <ClCompile Include="MerchantTable.cpp">
      <Filter>Source Files</Filter>
    </ClCompile>
    <ClCompile Include="MobMovePatternTable.cpp">
      <Filter>Source Files</Filter>
    </ClCompile>
    <ClCompile Include="MobTable.cpp">
      <Filter>Source Files</Filter>
    </ClCompile>
    <ClCompile Include="NewbieTable.cpp">
      <Filter>Source Files</Filter>
    </ClCompile>
    <ClCompile Include="NormalDropTable.cpp">
      <Filter>Source Files</Filter>
    </ClCompile>
    <ClCompile Include="NpcSpeechTable.cpp">
      <Filter>Source Files</Filter>
    </ClCompile>
    <ClCompile Include="NPCTable.cpp">
      <Filter>Source Files</Filter>
    </ClCompile>
    <ClCompile Include="NtlAvatar.cpp">
      <Filter>Source Files</Filter>
    </ClCompile>
    <ClCompile Include="NtlBattle.cpp">
      <Filter>Source Files</Filter>
    </ClCompile>
    <ClCompile Include="NtlBBox.cpp">
      <Filter>Source Files</Filter>
    </ClCompile>
    <ClCompile Include="NtlBitFlagManager.cpp">
      <Filter>Source Files</Filter>
    </ClCompile>
    <ClCompile Include="NtlBudokai.cpp">
      <Filter>Source Files</Filter>
    </ClCompile>
    <ClCompile Include="NtlCharacter.cpp">
      <Filter>Source Files</Filter>
    </ClCompile>
    <ClCompile Include="NtlCharacterState.cpp">
      <Filter>Source Files</Filter>
    </ClCompile>
    <ClCompile Include="NtlGuild.cpp">
      <Filter>Source Files</Filter>
    </ClCompile>
    <ClCompile Include="NtlItem.cpp">
      <Filter>Source Files</Filter>
    </ClCompile>
    <ClCompile Include="NtlLine.cpp">
      <Filter>Source Files</Filter>
    </ClCompile>
    <ClCompile Include="NtlMovement.cpp">
      <Filter>Source Files</Filter>
    </ClCompile>
    <ClCompile Include="NtlNetP.cpp">
      <Filter>Source Files</Filter>
    </ClCompile>
    <ClCompile Include="NtlObject.cpp">
      <Filter>Source Files</Filter>
    </ClCompile>
    <ClCompile Include="NtlPetition.cpp">
      <Filter>Source Files</Filter>
    </ClCompile>
    <ClCompile Include="NtlRandom.cpp">
      <Filter>Source Files</Filter>
    </ClCompile>
    <ClCompile Include="NtlReport.cpp">
      <Filter>Source Files</Filter>
    </ClCompile>
    <ClCompile Include="NtlService.cpp">
      <Filter>Source Files</Filter>
    </ClCompile>
    <ClCompile Include="NtlSkill.cpp">
      <Filter>Source Files</Filter>
    </ClCompile>
    <ClCompile Include="NtlSphere.cpp">
      <Filter>Source Files</Filter>
    </ClCompile>
    <ClCompile Include="NtlStringHandler.cpp">
      <Filter>Source Files</Filter>
    </ClCompile>
    <ClCompile Include="NtlSvrMath.cpp">
      <Filter>Source Files</Filter>
    </ClCompile>
    <ClCompile Include="NtlVector.cpp">
      <Filter>Source Files</Filter>
    </ClCompile>
    <ClCompile Include="NtlWorld.cpp">
      <Filter>Source Files</Filter>
    </ClCompile>
    <ClCompile Include="ObjectTable.cpp">
      <Filter>Source Files</Filter>
    </ClCompile>
    <ClCompile Include="PCTable.cpp">
      <Filter>Source Files</Filter>
    </ClCompile>
    <ClCompile Include="PortalTable.cpp">
      <Filter>Source Files</Filter>
    </ClCompile>
    <ClCompile Include="QuestDropTable.cpp">
      <Filter>Source Files</Filter>
    </ClCompile>
    <ClCompile Include="QuestItemTable.cpp">
      <Filter>Source Files</Filter>
    </ClCompile>
    <ClCompile Include="QuestNarrationTable.cpp">
      <Filter>Source Files</Filter>
    </ClCompile>
    <ClCompile Include="QuestProbabilityTable.cpp">
      <Filter>Source Files</Filter>
    </ClCompile>
    <ClCompile Include="QuestRewardTable.cpp">
      <Filter>Source Files</Filter>
    </ClCompile>
    <ClCompile Include="QuestTextDataTable.cpp">
      <Filter>Source Files</Filter>
    </ClCompile>
    <ClCompile Include="RankBattleTable.cpp">
      <Filter>Source Files</Filter>
    </ClCompile>
    <ClCompile Include="ScriptLinkTable.cpp">
      <Filter>Source Files</Filter>
    </ClCompile>
    <ClCompile Include="Serializer.cpp">
      <Filter>Source Files</Filter>
    </ClCompile>
    <ClCompile Include="SetItemTable.cpp">
      <Filter>Source Files</Filter>
    </ClCompile>
    <ClCompile Include="SkillTable.cpp">
      <Filter>Source Files</Filter>
    </ClCompile>
    <ClCompile Include="SpawnTable.cpp">
      <Filter>Source Files</Filter>
    </ClCompile>
    <ClCompile Include="StatusTransformTable.cpp">
      <Filter>Source Files</Filter>
    </ClCompile>
    <ClCompile Include="stdafx.cpp">
      <Filter>Source Files</Filter>
    </ClCompile>
    <ClCompile Include="SuperiorDropTable.cpp">
      <Filter>Source Files</Filter>
    </ClCompile>
    <ClCompile Include="SystemEffectTable.cpp">
      <Filter>Source Files</Filter>
    </ClCompile>
    <ClCompile Include="Table.cpp">
      <Filter>Source Files</Filter>
    </ClCompile>
    <ClCompile Include="TableContainer.cpp">
      <Filter>Source Files</Filter>
    </ClCompile>
    <ClCompile Include="TableFileNameList.cpp">
      <Filter>Source Files</Filter>
    </ClCompile>
    <ClCompile Include="TextAllTable.cpp">
      <Filter>Source Files</Filter>
    </ClCompile>
    <ClCompile Include="TextServerTable.cpp">
      <Filter>Source Files</Filter>
    </ClCompile>
    <ClCompile Include="Thread.cpp">
      <Filter>Source Files</Filter>
    </ClCompile>
    <ClCompile Include="TimeQuestTable.cpp">
      <Filter>Source Files</Filter>
    </ClCompile>
    <ClCompile Include="TypeDropTable.cpp">
      <Filter>Source Files</Filter>
    </ClCompile>
    <ClCompile Include="UseItemTable.cpp">
      <Filter>Source Files</Filter>
    </ClCompile>
    <ClCompile Include="VehicleTable.cpp">
      <Filter>Source Files</Filter>
    </ClCompile>
    <ClCompile Include="WorldMapTable.cpp">
      <Filter>Source Files</Filter>
    </ClCompile>
    <ClCompile Include="WorldPathTable.cpp">
      <Filter>Source Files</Filter>
    </ClCompile>
    <ClCompile Include="WorldPlayTable.cpp">
      <Filter>Source Files</Filter>
    </ClCompile>
    <ClCompile Include="WorldTable.cpp">
      <Filter>Source Files</Filter>
    </ClCompile>
    <ClCompile Include="WorldZoneTable.cpp">
      <Filter>Source Files</Filter>
    </ClCompile>
    <ClCompile Include="XMLDoc.cpp">
      <Filter>Source Files</Filter>
    </ClCompile>
    <ClCompile Include="Cipher.cpp">
      <Filter>Source Files</Filter>
    </ClCompile>
    <ClCompile Include="CipherAES.cpp">
      <Filter>Source Files</Filter>
    </ClCompile>
    <ClCompile Include="CipherBase.cpp">
      <Filter>Source Files</Filter>
    </ClCompile>
    <ClCompile Include="CipherBlowfish.cpp">
      <Filter>Source Files</Filter>
    </ClCompile>
    <ClCompile Include="CipherDes.cpp">
      <Filter>Source Files</Filter>
    </ClCompile>
    <ClCompile Include="CipherMD5.cpp">
      <Filter>Source Files</Filter>
    </ClCompile>
    <ClCompile Include="CipherRSA.cpp">
      <Filter>Source Files</Filter>
    </ClCompile>
    <ClCompile Include="CipherTripleDES.cpp">
      <Filter>Source Files</Filter>
    </ClCompile>
    <ClCompile Include="CipherTwofish.cpp">
      <Filter>Source Files</Filter>
    </ClCompile>
    <ClCompile Include="CharTitleTable.cpp">
      <Filter>Source Files</Filter>
    </ClCompile>
    <ClCompile Include="HLSItemTable.cpp">
      <Filter>Source Files</Filter>
    </ClCompile>
    <ClCompile Include="HelpTable.cpp">
      <Filter>Source Files</Filter>
    </ClCompile>
    <ClCompile Include="HLSMerchantTable.cpp">
      <Filter>Source Files</Filter>
    </ClCompile>
    <ClCompile Include="HTBSetTable.cpp">
      <Filter>Source Files</Filter>
    </ClCompile>
    <ClCompile Include="CashItemTable.cpp">
      <Filter>Source Files</Filter>
    </ClCompile>
    <ClCompile Include="QuestProbabilityTable2.cpp">
      <Filter>Source Files</Filter>
    </ClCompile>
    <ClCompile Include="UseItemTable2.cpp">
      <Filter>Source Files</Filter>
    </ClCompile>
    <ClCompile Include="MerchantTable2.cpp">
      <Filter>Source Files</Filter>
    </ClCompile>
  </ItemGroup>
  <ItemGroup>
    <None Include="packages.config" />
  </ItemGroup>
</Project>