<?xml version="1.0" encoding="utf-8"?>
<Project ToolsVersion="4.0" xmlns="http://schemas.microsoft.com/developer/msbuild/2003">
  <ItemGroup>
    <Filter Include="Source Files">
      <UniqueIdentifier>{4FC737F1-C7A5-4376-A066-2A32D752A2FF}</UniqueIdentifier>
      <Extensions>cpp;c;cc;cxx;def;odl;idl;hpj;bat;asm;asmx</Extensions>
    </Filter>
    <Filter Include="Header Files">
      <UniqueIdentifier>{93995380-89BD-4b04-88EB-625FBE52EBFB}</UniqueIdentifier>
      <Extensions>h;hpp;hxx;hm;inl;inc;xsd</Extensions>
    </Filter>
    <Filter Include="Resource Files">
      <UniqueIdentifier>{67DA6AB6-F800-4c08-8B7A-83BB121AAD01}</UniqueIdentifier>
      <Extensions>rc;ico;cur;bmp;dlg;rc2;rct;bin;rgs;gif;jpg;jpeg;jpe;resx;tiff;tif;png;wav</Extensions>
    </Filter>
  </ItemGroup>
  <ItemGroup>
    <ClCompile Include="NtlDebug.cpp">
      <Filter>Source Files</Filter>
    </ClCompile>
    <ClCompile Include="NtlError.cpp">
      <Filter>Source Files</Filter>
    </ClCompile>
    <ClCompile Include="NtlFile.cpp">
      <Filter>Source Files</Filter>
    </ClCompile>
    <ClCompile Include="NtlIniFile.cpp">
      <Filter>Source Files</Filter>
    </ClCompile>
    <ClCompile Include="NtlLinkList.cpp">
      <Filter>Source Files</Filter>
    </ClCompile>
    <ClCompile Include="NtlLog.cpp">
      <Filter>Source Files</Filter>
    </ClCompile>
    <ClCompile Include="NtlLogSystem.cpp">
      <Filter>Source Files</Filter>
    </ClCompile>
    <ClCompile Include="NtlMiniDump.cpp">
      <Filter>Source Files</Filter>
    </ClCompile>
    <ClCompile Include="NtlMutex.cpp">
      <Filter>Source Files</Filter>
    </ClCompile>
    <ClCompile Include="NtlPdh.cpp">
      <Filter>Source Files</Filter>
    </ClCompile>
    <ClCompile Include="NtlPerformance.cpp">
      <Filter>Source Files</Filter>
    </ClCompile>
    <ClCompile Include="NtlPerformanceProfiler.cpp">
      <Filter>Source Files</Filter>
    </ClCompile>
    <ClCompile Include="NtlProfiler.cpp">
      <Filter>Source Files</Filter>
    </ClCompile>
    <ClCompile Include="NtlRandomGenerator.cpp">
      <Filter>Source Files</Filter>
    </ClCompile>
    <ClCompile Include="NtlString.cpp">
      <Filter>Source Files</Filter>
    </ClCompile>
    <ClCompile Include="NtlStringW.cpp">
      <Filter>Source Files</Filter>
    </ClCompile>
    <ClCompile Include="stdafx.cpp">
      <Filter>Source Files</Filter>
    </ClCompile>
    <ClCompile Include="Utils.cpp">
      <Filter>Source Files</Filter>
    </ClCompile>
  </ItemGroup>
  <ItemGroup>
    <ClInclude Include="NtlAuthenticator.h">
      <Filter>Header Files</Filter>
    </ClInclude>
    <ClInclude Include="NtlBase.h">
      <Filter>Header Files</Filter>
    </ClInclude>
    <ClInclude Include="NtlCircularQueue.h">
      <Filter>Header Files</Filter>
    </ClInclude>
    <ClInclude Include="NtlDebug.h">
      <Filter>Header Files</Filter>
    </ClInclude>
    <ClInclude Include="NtlError.h">
      <Filter>Header Files</Filter>
    </ClInclude>
    <ClInclude Include="NtlErrorcodes.h">
      <Filter>Header Files</Filter>
    </ClInclude>
    <ClInclude Include="NtlException.h">
      <Filter>Header Files</Filter>
    </ClInclude>
    <ClInclude Include="NtlFile.h">
      <Filter>Header Files</Filter>
    </ClInclude>
    <ClInclude Include="NtlIniFile.h">
      <Filter>Header Files</Filter>
    </ClInclude>
    <ClInclude Include="NtlLinkArray.h">
      <Filter>Header Files</Filter>
    </ClInclude>
    <ClInclude Include="NtlLinkList.h">
      <Filter>Header Files</Filter>
    </ClInclude>
    <ClInclude Include="NtlLog.h">
      <Filter>Header Files</Filter>
    </ClInclude>
    <ClInclude Include="NtlLogSystem.h">
      <Filter>Header Files</Filter>
    </ClInclude>
    <ClInclude Include="NtlMemoryChecker.h">
      <Filter>Header Files</Filter>
    </ClInclude>
    <ClInclude Include="NtlMemoryPool.h">
      <Filter>Header Files</Filter>
    </ClInclude>
    <ClInclude Include="NtlMiniDump.h">
      <Filter>Header Files</Filter>
    </ClInclude>
    <ClInclude Include="NtlMutex.h">
      <Filter>Header Files</Filter>
    </ClInclude>
    <ClInclude Include="NtlPairedKeyMap.h">
      <Filter>Header Files</Filter>
    </ClInclude>
    <ClInclude Include="NtlPairedMap.h">
      <Filter>Header Files</Filter>
    </ClInclude>
    <ClInclude Include="NtlPdh.h">
      <Filter>Header Files</Filter>
    </ClInclude>
    <ClInclude Include="NtlPerformance.h">
      <Filter>Header Files</Filter>
    </ClInclude>
    <ClInclude Include="NtlPerformanceProfiler.h">
      <Filter>Header Files</Filter>
    </ClInclude>
    <ClInclude Include="NtlProfiler.h">
      <Filter>Header Files</Filter>
    </ClInclude>
    <ClInclude Include="NtlQueue.h">
      <Filter>Header Files</Filter>
    </ClInclude>
    <ClInclude Include="NtlRandomGenerator.h">
      <Filter>Header Files</Filter>
    </ClInclude>
    <ClInclude Include="NtlSingleton.h">
      <Filter>Header Files</Filter>
    </ClInclude>
    <ClInclude Include="NtlString.h">
      <Filter>Header Files</Filter>
    </ClInclude>
    <ClInclude Include="NtlStringMap.h">
      <Filter>Header Files</Filter>
    </ClInclude>
    <ClInclude Include="NtlStringW.h">
      <Filter>Header Files</Filter>
    </ClInclude>
    <ClInclude Include="stdafx.h">
      <Filter>Header Files</Filter>
    </ClInclude>
    <ClInclude Include="Utils.h">
      <Filter>Header Files</Filter>
    </ClInclude>
  </ItemGroup>
  <ItemGroup>
    <Text Include="ReadMe.txt" />
  </ItemGroup>
</Project>