
Microsoft Visual Studio Solution File, Format Version 9.00
# Visual Studio 2005
Project("{8BC9CEB8-8B4A-11D0-8D11-00A0C91BC942}") = "PathEngine_Interface", "libs\PathEngine_Interface\PathEngine_Interface_x64.vcproj", "{6AA40239-391F-C141-7C05-136F1A4BB081}"
EndProject
Project("{8BC9CEB8-8B4A-11D0-8D11-00A0C91BC942}") = "Content_Processing", "libs\Content_Processing\Content_Processing_x64.vcproj", "{63183EE2-28E2-40F4-F96D-2140985004F7}"
EndProject
Project("{8BC9CEB8-8B4A-11D0-8D11-00A0C91BC942}") = "PathEngine_Core", "libs\PathEngine_Core\PathEngine_Core_x64.vcproj", "{CDBB9C9E-0B99-FB78-2AC8-FB99A32F569E}"
EndProject
Project("{8BC9CEB8-8B4A-11D0-8D11-00A0C91BC942}") = "MeshPair", "libs\MeshPair\MeshPair_x64.vcproj", "{E1AECF2D-1AD3-A7C8-322F-0C6648EED7DD}"
EndProject
Project("{8BC9CEB8-8B4A-11D0-8D11-00A0C91BC942}") = "Mesh2D", "libs\Mesh2D\Mesh2D_x64.vcproj", "{C2A2CCF2-A618-4EAA-7693-608895D88D13}"
EndProject
Project("{8BC9CEB8-8B4A-11D0-8D11-00A0C91BC942}") = "Mesh3D", "libs\Mesh3D\Mesh3D_x64.vcproj", "{8316B12F-67E8-24B6-FF0E-82DE691F0080}"
EndProject
Project("{8BC9CEB8-8B4A-11D0-8D11-00A0C91BC942}") = "Geometry", "libs\Geometry\Geometry_x64.vcproj", "{D9C63336-23E6-3575-15FC-BF17BE806273}"
EndProject
Project("{8BC9CEB8-8B4A-11D0-8D11-00A0C91BC942}") = "ParseXML", "libs\ParseXML\ParseXML_x64.vcproj", "{A5BE8033-8DAA-6731-8F87-D12A3AD6FE56}"
EndProject
Project("{8BC9CEB8-8B4A-11D0-8D11-00A0C91BC942}") = "Expat", "libs\Expat\Expat_x64.vcproj", "{2E414C14-0554-4137-9BBF-6C957B14F3DC}"
EndProject
Project("{8BC9CEB8-8B4A-11D0-8D11-00A0C91BC942}") = "PathEngine", "PathEngine\PathEngine_x64.vcproj", "{55699DD0-C54E-A19B-1B90-A9446DAE091E}"
	ProjectSection(ProjectDependencies) = postProject
		{2E414C14-0554-4137-9BBF-6C957B14F3DC} = {2E414C14-0554-4137-9BBF-6C957B14F3DC}
		{E1AECF2D-1AD3-A7C8-322F-0C6648EED7DD} = {E1AECF2D-1AD3-A7C8-322F-0C6648EED7DD}
		{8316B12F-67E8-24B6-FF0E-82DE691F0080} = {8316B12F-67E8-24B6-FF0E-82DE691F0080}
		{A5BE8033-8DAA-6731-8F87-D12A3AD6FE56} = {A5BE8033-8DAA-6731-8F87-D12A3AD6FE56}
		{D9C63336-23E6-3575-15FC-BF17BE806273} = {D9C63336-23E6-3575-15FC-BF17BE806273}
		{6AA40239-391F-C141-7C05-136F1A4BB081} = {6AA40239-391F-C141-7C05-136F1A4BB081}
		{CDBB9C9E-0B99-FB78-2AC8-FB99A32F569E} = {CDBB9C9E-0B99-FB78-2AC8-FB99A32F569E}
		{63183EE2-28E2-40F4-F96D-2140985004F7} = {63183EE2-28E2-40F4-F96D-2140985004F7}
		{C2A2CCF2-A618-4EAA-7693-608895D88D13} = {C2A2CCF2-A618-4EAA-7693-608895D88D13}
	EndProjectSection
EndProject
Global
	GlobalSection(SourceCodeControl) = preSolution
		SccNumberOfProjects = 11
		SccProjectName0 = code
		SccLocalPath0 = .
		SccProvider0 = MSSCCI:NXN\u0020alienbrain
		CanCheckoutShared = true
		SccProjectUniqueName1 = libs\\PathEngine_Interface\\PathEngine_Interface_x64.vcproj
		SccProjectName1 = PathEngine_Interface
		SccLocalPath1 = libs\\PathEngine_Interface
		CanCheckoutShared = true
		SccProjectUniqueName2 = libs\\Content_Processing\\Content_Processing_x64.vcproj
		SccProjectName2 = Content_Processing
		SccLocalPath2 = libs\\Content_Processing
		CanCheckoutShared = true
		SccProjectUniqueName3 = libs\\PathEngine_Core\\PathEngine_Core_x64.vcproj
		SccProjectName3 = PathEngine_Core
		SccLocalPath3 = libs\\PathEngine_Core
		CanCheckoutShared = true
		SccProjectUniqueName4 = libs\\MeshPair\\MeshPair_x64.vcproj
		SccProjectName4 = MeshPair
		SccLocalPath4 = libs\\MeshPair
		CanCheckoutShared = true
		SccProjectUniqueName5 = libs\\Mesh2D\\Mesh2D_x64.vcproj
		SccProjectName5 = Mesh2D
		SccLocalPath5 = libs\\Mesh2D
		CanCheckoutShared = true
		SccProjectUniqueName6 = libs\\Mesh3D\\Mesh3D_x64.vcproj
		SccProjectName6 = Mesh3D
		SccLocalPath6 = libs\\Mesh3D
		CanCheckoutShared = true
		SccProjectUniqueName7 = libs\\Geometry\\Geometry_x64.vcproj
		SccProjectName7 = Geometry
		SccLocalPath7 = libs\\Geometry
		CanCheckoutShared = true
		SccProjectUniqueName8 = libs\\ParseXML\\ParseXML_x64.vcproj
		SccProjectName8 = ParseXML
		SccLocalPath8 = libs\\ParseXML
		CanCheckoutShared = true
		SccProjectUniqueName9 = libs\\Expat\\Expat_x64.vcproj
		SccProjectName9 = Expat
		SccLocalPath9 = libs\\Expat
		CanCheckoutShared = true
		SccProjectUniqueName10 = PathEngine\\PathEngine_x64.vcproj
		SccProjectName10 = PathEngine
		SccLocalPath10 = PathEngine
		CanCheckoutShared = true
	EndGlobalSection
	GlobalSection(SolutionConfigurationPlatforms) = preSolution
		Debug|Win32 = Debug|Win32
		Debug|x64 = Debug|x64
		Release_D|Win32 = Release_D|Win32
		Release_D|x64 = Release_D|x64
		Release|Win32 = Release|Win32
		Release|x64 = Release|x64
	EndGlobalSection
	GlobalSection(ProjectConfigurationPlatforms) = postSolution
		{6AA40239-391F-C141-7C05-136F1A4BB081}.Debug|Win32.ActiveCfg = Debug|Win32
		{6AA40239-391F-C141-7C05-136F1A4BB081}.Debug|Win32.Build.0 = Debug|Win32
		{6AA40239-391F-C141-7C05-136F1A4BB081}.Debug|x64.ActiveCfg = Debug|x64
		{6AA40239-391F-C141-7C05-136F1A4BB081}.Debug|x64.Build.0 = Debug|x64
		{6AA40239-391F-C141-7C05-136F1A4BB081}.Release_D|Win32.ActiveCfg = Release_D|Win32
		{6AA40239-391F-C141-7C05-136F1A4BB081}.Release_D|Win32.Build.0 = Release_D|Win32
		{6AA40239-391F-C141-7C05-136F1A4BB081}.Release_D|x64.ActiveCfg = Release_D|x64
		{6AA40239-391F-C141-7C05-136F1A4BB081}.Release_D|x64.Build.0 = Release_D|x64
		{6AA40239-391F-C141-7C05-136F1A4BB081}.Release|Win32.ActiveCfg = Release|Win32
		{6AA40239-391F-C141-7C05-136F1A4BB081}.Release|Win32.Build.0 = Release|Win32
		{6AA40239-391F-C141-7C05-136F1A4BB081}.Release|x64.ActiveCfg = Release|x64
		{6AA40239-391F-C141-7C05-136F1A4BB081}.Release|x64.Build.0 = Release|x64
		{63183EE2-28E2-40F4-F96D-2140985004F7}.Debug|Win32.ActiveCfg = Debug|Win32
		{63183EE2-28E2-40F4-F96D-2140985004F7}.Debug|Win32.Build.0 = Debug|Win32
		{63183EE2-28E2-40F4-F96D-2140985004F7}.Debug|x64.ActiveCfg = Debug|x64
		{63183EE2-28E2-40F4-F96D-2140985004F7}.Debug|x64.Build.0 = Debug|x64
		{63183EE2-28E2-40F4-F96D-2140985004F7}.Release_D|Win32.ActiveCfg = Release_D|Win32
		{63183EE2-28E2-40F4-F96D-2140985004F7}.Release_D|Win32.Build.0 = Release_D|Win32
		{63183EE2-28E2-40F4-F96D-2140985004F7}.Release_D|x64.ActiveCfg = Release_D|x64
		{63183EE2-28E2-40F4-F96D-2140985004F7}.Release_D|x64.Build.0 = Release_D|x64
		{63183EE2-28E2-40F4-F96D-2140985004F7}.Release|Win32.ActiveCfg = Release|Win32
		{63183EE2-28E2-40F4-F96D-2140985004F7}.Release|Win32.Build.0 = Release|Win32
		{63183EE2-28E2-40F4-F96D-2140985004F7}.Release|x64.ActiveCfg = Release|x64
		{63183EE2-28E2-40F4-F96D-2140985004F7}.Release|x64.Build.0 = Release|x64
		{CDBB9C9E-0B99-FB78-2AC8-FB99A32F569E}.Debug|Win32.ActiveCfg = Debug|Win32
		{CDBB9C9E-0B99-FB78-2AC8-FB99A32F569E}.Debug|Win32.Build.0 = Debug|Win32
		{CDBB9C9E-0B99-FB78-2AC8-FB99A32F569E}.Debug|x64.ActiveCfg = Debug|x64
		{CDBB9C9E-0B99-FB78-2AC8-FB99A32F569E}.Debug|x64.Build.0 = Debug|x64
		{CDBB9C9E-0B99-FB78-2AC8-FB99A32F569E}.Release_D|Win32.ActiveCfg = Release_D|Win32
		{CDBB9C9E-0B99-FB78-2AC8-FB99A32F569E}.Release_D|Win32.Build.0 = Release_D|Win32
		{CDBB9C9E-0B99-FB78-2AC8-FB99A32F569E}.Release_D|x64.ActiveCfg = Release_D|x64
		{CDBB9C9E-0B99-FB78-2AC8-FB99A32F569E}.Release_D|x64.Build.0 = Release_D|x64
		{CDBB9C9E-0B99-FB78-2AC8-FB99A32F569E}.Release|Win32.ActiveCfg = Release|Win32
		{CDBB9C9E-0B99-FB78-2AC8-FB99A32F569E}.Release|Win32.Build.0 = Release|Win32
		{CDBB9C9E-0B99-FB78-2AC8-FB99A32F569E}.Release|x64.ActiveCfg = Release|x64
		{CDBB9C9E-0B99-FB78-2AC8-FB99A32F569E}.Release|x64.Build.0 = Release|x64
		{E1AECF2D-1AD3-A7C8-322F-0C6648EED7DD}.Debug|Win32.ActiveCfg = Debug|Win32
		{E1AECF2D-1AD3-A7C8-322F-0C6648EED7DD}.Debug|Win32.Build.0 = Debug|Win32
		{E1AECF2D-1AD3-A7C8-322F-0C6648EED7DD}.Debug|x64.ActiveCfg = Debug|x64
		{E1AECF2D-1AD3-A7C8-322F-0C6648EED7DD}.Debug|x64.Build.0 = Debug|x64
		{E1AECF2D-1AD3-A7C8-322F-0C6648EED7DD}.Release_D|Win32.ActiveCfg = Release_D|Win32
		{E1AECF2D-1AD3-A7C8-322F-0C6648EED7DD}.Release_D|Win32.Build.0 = Release_D|Win32
		{E1AECF2D-1AD3-A7C8-322F-0C6648EED7DD}.Release_D|x64.ActiveCfg = Release_D|x64
		{E1AECF2D-1AD3-A7C8-322F-0C6648EED7DD}.Release_D|x64.Build.0 = Release_D|x64
		{E1AECF2D-1AD3-A7C8-322F-0C6648EED7DD}.Release|Win32.ActiveCfg = Release|Win32
		{E1AECF2D-1AD3-A7C8-322F-0C6648EED7DD}.Release|Win32.Build.0 = Release|Win32
		{E1AECF2D-1AD3-A7C8-322F-0C6648EED7DD}.Release|x64.ActiveCfg = Release|x64
		{E1AECF2D-1AD3-A7C8-322F-0C6648EED7DD}.Release|x64.Build.0 = Release|x64
		{C2A2CCF2-A618-4EAA-7693-608895D88D13}.Debug|Win32.ActiveCfg = Debug|Win32
		{C2A2CCF2-A618-4EAA-7693-608895D88D13}.Debug|Win32.Build.0 = Debug|Win32
		{C2A2CCF2-A618-4EAA-7693-608895D88D13}.Debug|x64.ActiveCfg = Debug|x64
		{C2A2CCF2-A618-4EAA-7693-608895D88D13}.Debug|x64.Build.0 = Debug|x64
		{C2A2CCF2-A618-4EAA-7693-608895D88D13}.Release_D|Win32.ActiveCfg = Release_D|Win32
		{C2A2CCF2-A618-4EAA-7693-608895D88D13}.Release_D|Win32.Build.0 = Release_D|Win32
		{C2A2CCF2-A618-4EAA-7693-608895D88D13}.Release_D|x64.ActiveCfg = Release_D|x64
		{C2A2CCF2-A618-4EAA-7693-608895D88D13}.Release_D|x64.Build.0 = Release_D|x64
		{C2A2CCF2-A618-4EAA-7693-608895D88D13}.Release|Win32.ActiveCfg = Release|Win32
		{C2A2CCF2-A618-4EAA-7693-608895D88D13}.Release|Win32.Build.0 = Release|Win32
		{C2A2CCF2-A618-4EAA-7693-608895D88D13}.Release|x64.ActiveCfg = Release|x64
		{C2A2CCF2-A618-4EAA-7693-608895D88D13}.Release|x64.Build.0 = Release|x64
		{8316B12F-67E8-24B6-FF0E-82DE691F0080}.Debug|Win32.ActiveCfg = Debug|Win32
		{8316B12F-67E8-24B6-FF0E-82DE691F0080}.Debug|Win32.Build.0 = Debug|Win32
		{8316B12F-67E8-24B6-FF0E-82DE691F0080}.Debug|x64.ActiveCfg = Debug|x64
		{8316B12F-67E8-24B6-FF0E-82DE691F0080}.Debug|x64.Build.0 = Debug|x64
		{8316B12F-67E8-24B6-FF0E-82DE691F0080}.Release_D|Win32.ActiveCfg = Release_D|Win32
		{8316B12F-67E8-24B6-FF0E-82DE691F0080}.Release_D|Win32.Build.0 = Release_D|Win32
		{8316B12F-67E8-24B6-FF0E-82DE691F0080}.Release_D|x64.ActiveCfg = Release_D|x64
		{8316B12F-67E8-24B6-FF0E-82DE691F0080}.Release_D|x64.Build.0 = Release_D|x64
		{8316B12F-67E8-24B6-FF0E-82DE691F0080}.Release|Win32.ActiveCfg = Release|Win32
		{8316B12F-67E8-24B6-FF0E-82DE691F0080}.Release|Win32.Build.0 = Release|Win32
		{8316B12F-67E8-24B6-FF0E-82DE691F0080}.Release|x64.ActiveCfg = Release|x64
		{8316B12F-67E8-24B6-FF0E-82DE691F0080}.Release|x64.Build.0 = Release|x64
		{D9C63336-23E6-3575-15FC-BF17BE806273}.Debug|Win32.ActiveCfg = Debug|Win32
		{D9C63336-23E6-3575-15FC-BF17BE806273}.Debug|Win32.Build.0 = Debug|Win32
		{D9C63336-23E6-3575-15FC-BF17BE806273}.Debug|x64.ActiveCfg = Debug|x64
		{D9C63336-23E6-3575-15FC-BF17BE806273}.Debug|x64.Build.0 = Debug|x64
		{D9C63336-23E6-3575-15FC-BF17BE806273}.Release_D|Win32.ActiveCfg = Release_D|Win32
		{D9C63336-23E6-3575-15FC-BF17BE806273}.Release_D|Win32.Build.0 = Release_D|Win32
		{D9C63336-23E6-3575-15FC-BF17BE806273}.Release_D|x64.ActiveCfg = Release_D|x64
		{D9C63336-23E6-3575-15FC-BF17BE806273}.Release_D|x64.Build.0 = Release_D|x64
		{D9C63336-23E6-3575-15FC-BF17BE806273}.Release|Win32.ActiveCfg = Release|Win32
		{D9C63336-23E6-3575-15FC-BF17BE806273}.Release|Win32.Build.0 = Release|Win32
		{D9C63336-23E6-3575-15FC-BF17BE806273}.Release|x64.ActiveCfg = Release|x64
		{D9C63336-23E6-3575-15FC-BF17BE806273}.Release|x64.Build.0 = Release|x64
		{A5BE8033-8DAA-6731-8F87-D12A3AD6FE56}.Debug|Win32.ActiveCfg = Debug|Win32
		{A5BE8033-8DAA-6731-8F87-D12A3AD6FE56}.Debug|Win32.Build.0 = Debug|Win32
		{A5BE8033-8DAA-6731-8F87-D12A3AD6FE56}.Debug|x64.ActiveCfg = Debug|x64
		{A5BE8033-8DAA-6731-8F87-D12A3AD6FE56}.Debug|x64.Build.0 = Debug|x64
		{A5BE8033-8DAA-6731-8F87-D12A3AD6FE56}.Release_D|Win32.ActiveCfg = Release_D|Win32
		{A5BE8033-8DAA-6731-8F87-D12A3AD6FE56}.Release_D|Win32.Build.0 = Release_D|Win32
		{A5BE8033-8DAA-6731-8F87-D12A3AD6FE56}.Release_D|x64.ActiveCfg = Release_D|x64
		{A5BE8033-8DAA-6731-8F87-D12A3AD6FE56}.Release_D|x64.Build.0 = Release_D|x64
		{A5BE8033-8DAA-6731-8F87-D12A3AD6FE56}.Release|Win32.ActiveCfg = Release|Win32
		{A5BE8033-8DAA-6731-8F87-D12A3AD6FE56}.Release|Win32.Build.0 = Release|Win32
		{A5BE8033-8DAA-6731-8F87-D12A3AD6FE56}.Release|x64.ActiveCfg = Release|x64
		{A5BE8033-8DAA-6731-8F87-D12A3AD6FE56}.Release|x64.Build.0 = Release|x64
		{2E414C14-0554-4137-9BBF-6C957B14F3DC}.Debug|Win32.ActiveCfg = Debug|Win32
		{2E414C14-0554-4137-9BBF-6C957B14F3DC}.Debug|Win32.Build.0 = Debug|Win32
		{2E414C14-0554-4137-9BBF-6C957B14F3DC}.Debug|x64.ActiveCfg = Debug|x64
		{2E414C14-0554-4137-9BBF-6C957B14F3DC}.Debug|x64.Build.0 = Debug|x64
		{2E414C14-0554-4137-9BBF-6C957B14F3DC}.Release_D|Win32.ActiveCfg = Release_D|Win32
		{2E414C14-0554-4137-9BBF-6C957B14F3DC}.Release_D|Win32.Build.0 = Release_D|Win32
		{2E414C14-0554-4137-9BBF-6C957B14F3DC}.Release_D|x64.ActiveCfg = Release_D|x64
		{2E414C14-0554-4137-9BBF-6C957B14F3DC}.Release_D|x64.Build.0 = Release_D|x64
		{2E414C14-0554-4137-9BBF-6C957B14F3DC}.Release|Win32.ActiveCfg = Release|Win32
		{2E414C14-0554-4137-9BBF-6C957B14F3DC}.Release|Win32.Build.0 = Release|Win32
		{2E414C14-0554-4137-9BBF-6C957B14F3DC}.Release|x64.ActiveCfg = Release|x64
		{2E414C14-0554-4137-9BBF-6C957B14F3DC}.Release|x64.Build.0 = Release|x64
		{55699DD0-C54E-A19B-1B90-A9446DAE091E}.Debug|Win32.ActiveCfg = Debug_Lib|Win32
		{55699DD0-C54E-A19B-1B90-A9446DAE091E}.Debug|Win32.Build.0 = Debug_Lib|Win32
		{55699DD0-C54E-A19B-1B90-A9446DAE091E}.Debug|x64.ActiveCfg = Debug_Lib|x64
		{55699DD0-C54E-A19B-1B90-A9446DAE091E}.Debug|x64.Build.0 = Debug_Lib|x64
		{55699DD0-C54E-A19B-1B90-A9446DAE091E}.Release_D|Win32.ActiveCfg = Release_D|Win32
		{55699DD0-C54E-A19B-1B90-A9446DAE091E}.Release_D|Win32.Build.0 = Release_D|Win32
		{55699DD0-C54E-A19B-1B90-A9446DAE091E}.Release_D|x64.ActiveCfg = Release_D|x64
		{55699DD0-C54E-A19B-1B90-A9446DAE091E}.Release_D|x64.Build.0 = Release_D|x64
		{55699DD0-C54E-A19B-1B90-A9446DAE091E}.Release|Win32.ActiveCfg = Release_Lib|Win32
		{55699DD0-C54E-A19B-1B90-A9446DAE091E}.Release|Win32.Build.0 = Release_Lib|Win32
		{55699DD0-C54E-A19B-1B90-A9446DAE091E}.Release|x64.ActiveCfg = Release_Lib|x64
		{55699DD0-C54E-A19B-1B90-A9446DAE091E}.Release|x64.Build.0 = Release_Lib|x64
	EndGlobalSection
	GlobalSection(SolutionProperties) = preSolution
		HideSolutionNode = FALSE
	EndGlobalSection
EndGlobal
